{
  "nodes": {
    "nixpkgs": {
      "locked": {
        "lastModified": 1700229332,
        "narHash": "sha256-/kxwZJXkrHvevrKxNcW3b0H5+9Dam/g+NsMn6UIG+U8=",
        "owner": "nixos",
        "repo": "nixpkgs",
        "rev": "a5fcd8101180667f9c957512273503186c9974d8",
        "type": "github"
      },
      "original": {
        "owner": "nixos",
        "repo": "nixpkgs",
        "type": "github"
      }
    },
    "root": {
      "inputs": {
        "nixpkgs": "nixpkgs"
      }
    }
  },
  "root": "root",
  "version": 7
}
