{
  "nodes": {
    "nixpkgs": {
      "locked": {
        "lastModified": 1706541638,
        "narHash": "sha256-sAEo8TWEyi4SxdyVOC6PQaJAWmeT8uHngYtIkYN4SB0=",
        "owner": "nixos",
        "repo": "nixpkgs",
        "rev": "cb8d00f6c5a88644d38b8eb3f23c239cc120465d",
        "type": "github"
      },
      "original": {
        "owner": "nixos",
        "repo": "nixpkgs",
        "type": "github"
      }
    },
    "root": {
      "inputs": {
        "nixpkgs": "nixpkgs"
      }
    }
  },
  "root": "root",
  "version": 7
}
