{
  "nodes": {
    "nixpkgs": {
      "locked": {
        "lastModified": 1690455050,
        "narHash": "sha256-MNEdN/99KFOid7Tm+QRJKC86DDK/MvhSds6b0WzZzyw=",
        "path": "/nix/store/paa4q38kdjnqk028c28x29dyh4xkzss3-source",
        "rev": "a9c33b3f98fa49da5b85ceae212fa1621c056fff",
        "type": "path"
      },
      "original": {
        "id": "nixpkgs",
        "type": "indirect"
      }
    },
    "root": {
      "inputs": {
        "nixpkgs": "nixpkgs"
      }
    }
  },
  "root": "root",
  "version": 7
}
